
Microsoft Visual Studio Solution File, Format Version 12.00
# Visual Studio Version 17
VisualStudioVersion = 17.10.35027.167
MinimumVisualStudioVersion = 10.0.40219.1
Project("{FAE04EC0-301F-11D3-BF4B-00C04F79EFBC}") = "Login_User", "Login_User.csproj", "{1AE93748-E183-4904-A85F-4FB52AF01982}"
EndProject
Project("{00D1A9C2-B5F0-4AF3-8072-F6C62B433612}") = "DB.Net", "..\DB.Net\DB.Net.sqlproj", "{9A648656-8D2B-4A83-A9FE-362848FC8411}"
EndProject
Global
	GlobalSection(SolutionConfigurationPlatforms) = preSolution
		Debug|Any CPU = Debug|Any CPU
		Debug|x86 = Debug|x86
		Login|Any CPU = Login|Any CPU
		Login|x86 = Login|x86
		Release|Any CPU = Release|Any CPU
		Release|x86 = Release|x86
	EndGlobalSection
	GlobalSection(ProjectConfigurationPlatforms) = postSolution
		{1AE93748-E183-4904-A85F-4FB52AF01982}.Debug|Any CPU.ActiveCfg = Debug|Any CPU
		{1AE93748-E183-4904-A85F-4FB52AF01982}.Debug|Any CPU.Build.0 = Debug|Any CPU
		{1AE93748-E183-4904-A85F-4FB52AF01982}.Debug|x86.ActiveCfg = Debug|x86
		{1AE93748-E183-4904-A85F-4FB52AF01982}.Debug|x86.Build.0 = Debug|x86
		{1AE93748-E183-4904-A85F-4FB52AF01982}.Login|Any CPU.ActiveCfg = Login|Any CPU
		{1AE93748-E183-4904-A85F-4FB52AF01982}.Login|Any CPU.Build.0 = Login|Any CPU
		{1AE93748-E183-4904-A85F-4FB52AF01982}.Login|x86.ActiveCfg = Login|x86
		{1AE93748-E183-4904-A85F-4FB52AF01982}.Login|x86.Build.0 = Login|x86
		{1AE93748-E183-4904-A85F-4FB52AF01982}.Release|Any CPU.ActiveCfg = Release|Any CPU
		{1AE93748-E183-4904-A85F-4FB52AF01982}.Release|Any CPU.Build.0 = Release|Any CPU
		{1AE93748-E183-4904-A85F-4FB52AF01982}.Release|x86.ActiveCfg = Release|x86
		{1AE93748-E183-4904-A85F-4FB52AF01982}.Release|x86.Build.0 = Release|x86
		{9A648656-8D2B-4A83-A9FE-362848FC8411}.Debug|Any CPU.ActiveCfg = Debug|Any CPU
		{9A648656-8D2B-4A83-A9FE-362848FC8411}.Debug|Any CPU.Build.0 = Debug|Any CPU
		{9A648656-8D2B-4A83-A9FE-362848FC8411}.Debug|Any CPU.Deploy.0 = Debug|Any CPU
		{9A648656-8D2B-4A83-A9FE-362848FC8411}.Debug|x86.ActiveCfg = Debug|Any CPU
		{9A648656-8D2B-4A83-A9FE-362848FC8411}.Debug|x86.Build.0 = Debug|Any CPU
		{9A648656-8D2B-4A83-A9FE-362848FC8411}.Debug|x86.Deploy.0 = Debug|Any CPU
		{9A648656-8D2B-4A83-A9FE-362848FC8411}.Login|Any CPU.ActiveCfg = Release|Any CPU
		{9A648656-8D2B-4A83-A9FE-362848FC8411}.Login|Any CPU.Build.0 = Release|Any CPU
		{9A648656-8D2B-4A83-A9FE-362848FC8411}.Login|Any CPU.Deploy.0 = Release|Any CPU
		{9A648656-8D2B-4A83-A9FE-362848FC8411}.Login|x86.ActiveCfg = Release|Any CPU
		{9A648656-8D2B-4A83-A9FE-362848FC8411}.Login|x86.Build.0 = Release|Any CPU
		{9A648656-8D2B-4A83-A9FE-362848FC8411}.Login|x86.Deploy.0 = Release|Any CPU
		{9A648656-8D2B-4A83-A9FE-362848FC8411}.Release|Any CPU.ActiveCfg = Release|Any CPU
		{9A648656-8D2B-4A83-A9FE-362848FC8411}.Release|Any CPU.Build.0 = Release|Any CPU
		{9A648656-8D2B-4A83-A9FE-362848FC8411}.Release|Any CPU.Deploy.0 = Release|Any CPU
		{9A648656-8D2B-4A83-A9FE-362848FC8411}.Release|x86.ActiveCfg = Release|Any CPU
		{9A648656-8D2B-4A83-A9FE-362848FC8411}.Release|x86.Build.0 = Release|Any CPU
		{9A648656-8D2B-4A83-A9FE-362848FC8411}.Release|x86.Deploy.0 = Release|Any CPU
	EndGlobalSection
	GlobalSection(SolutionProperties) = preSolution
		HideSolutionNode = FALSE
	EndGlobalSection
	GlobalSection(ExtensibilityGlobals) = postSolution
		SolutionGuid = {1664E5AD-3660-450A-8E31-66F58860803D}
	EndGlobalSection
EndGlobal
